
Microsoft Visual Studio Solution File, Format Version 12.00
# Visual Studio Version 17
VisualStudioVersion = 17.10.34916.146
MinimumVisualStudioVersion = 10.0.40219.1
Project("{9A19103F-16F7-4668-BE54-9A1E7A4F7556}") = "MusicPluginTrickyMaddness", "MusicPluginTrickyMaddness.csproj", "{E9246C33-58C1-48F7-BEF8-32189AD4A2E9}"
EndProject
Global
	GlobalSection(SolutionConfigurationPlatforms) = preSolution
		Debug|Any CPU = Debug|Any CPU
		Release|Any CPU = Release|Any CPU
	EndGlobalSection
	GlobalSection(ProjectConfigurationPlatforms) = postSolution
		{E9246C33-58C1-48F7-BEF8-32189AD4A2E9}.Debug|Any CPU.ActiveCfg = Debug|Any CPU
		{E9246C33-58C1-48F7-BEF8-32189AD4A2E9}.Debug|Any CPU.Build.0 = Debug|Any CPU
		{E9246C33-58C1-48F7-BEF8-32189AD4A2E9}.Release|Any CPU.ActiveCfg = Release|Any CPU
		{E9246C33-58C1-48F7-BEF8-32189AD4A2E9}.Release|Any CPU.Build.0 = Release|Any CPU
	EndGlobalSection
	GlobalSection(SolutionProperties) = preSolution
		HideSolutionNode = FALSE
	EndGlobalSection
	GlobalSection(ExtensibilityGlobals) = postSolution
		SolutionGuid = {10FE8835-135B-49BD-B9E7-517854176590}
	EndGlobalSection
EndGlobal
